
Microsoft Visual Studio Solution File, Format Version 12.00
# Visual Studio Version 17
VisualStudioVersion = 17.2.32616.157
MinimumVisualStudioVersion = 10.0.40219.1
Project("{FAE04EC0-301F-11D3-BF4B-00C04F79EFBC}") = "Lab2CSharp", "Lab2CSharp\Lab2CSharp.csproj", "{870C144F-F19B-494A-B0A2-00DA4365B5AA}"
EndProject
Global
	GlobalSection(SolutionConfigurationPlatforms) = preSolution
		Debug|Any CPU = Debug|Any CPU
		Release|Any CPU = Release|Any CPU
	EndGlobalSection
	GlobalSection(ProjectConfigurationPlatforms) = postSolution
		{870C144F-F19B-494A-B0A2-00DA4365B5AA}.Debug|Any CPU.ActiveCfg = Debug|Any CPU
		{870C144F-F19B-494A-B0A2-00DA4365B5AA}.Debug|Any CPU.Build.0 = Debug|Any CPU
		{870C144F-F19B-494A-B0A2-00DA4365B5AA}.Release|Any CPU.ActiveCfg = Release|Any CPU
		{870C144F-F19B-494A-B0A2-00DA4365B5AA}.Release|Any CPU.Build.0 = Release|Any CPU
	EndGlobalSection
	GlobalSection(SolutionProperties) = preSolution
		HideSolutionNode = FALSE
	EndGlobalSection
	GlobalSection(ExtensibilityGlobals) = postSolution
		SolutionGuid = {20A1FC2E-4573-41E8-9D42-D82C23330F00}
	EndGlobalSection
EndGlobal
